
Microsoft Visual Studio Solution File, Format Version 12.00
# Visual Studio Version 17
VisualStudioVersion = 17.0.31903.59
MinimumVisualStudioVersion = 10.0.40219.1
Project("{FAE04EC0-301F-11D3-BF4B-00C04F79EFBC}") = "Api", "src\Api\Api.csproj", "{8C2AD60C-A9CB-47AE-B803-175994452598}"
EndProject
Project("{FAE04EC0-301F-11D3-BF4B-00C04F79EFBC}") = "Contracts", "src\Contracts\Contracts.csproj", "{30A15036-1BC0-4C2E-8651-73E366B4C2ED}"
EndProject
Global
	GlobalSection(SolutionConfigurationPlatforms) = preSolution
		Debug|Any CPU = Debug|Any CPU
		Release|Any CPU = Release|Any CPU
	EndGlobalSection
	GlobalSection(SolutionProperties) = preSolution
		HideSolutionNode = FALSE
	EndGlobalSection
	GlobalSection(ProjectConfigurationPlatforms) = postSolution
		{8C2AD60C-A9CB-47AE-B803-175994452598}.Debug|Any CPU.ActiveCfg = Debug|Any CPU
		{8C2AD60C-A9CB-47AE-B803-175994452598}.Debug|Any CPU.Build.0 = Debug|Any CPU
		{8C2AD60C-A9CB-47AE-B803-175994452598}.Release|Any CPU.ActiveCfg = Release|Any CPU
		{8C2AD60C-A9CB-47AE-B803-175994452598}.Release|Any CPU.Build.0 = Release|Any CPU
		{30A15036-1BC0-4C2E-8651-73E366B4C2ED}.Debug|Any CPU.ActiveCfg = Debug|Any CPU
		{30A15036-1BC0-4C2E-8651-73E366B4C2ED}.Debug|Any CPU.Build.0 = Debug|Any CPU
		{30A15036-1BC0-4C2E-8651-73E366B4C2ED}.Release|Any CPU.ActiveCfg = Release|Any CPU
		{30A15036-1BC0-4C2E-8651-73E366B4C2ED}.Release|Any CPU.Build.0 = Release|Any CPU
	EndGlobalSection
EndGlobal
